
Microsoft Visual Studio Solution File, Format Version 12.00
# Visual Studio Version 17
VisualStudioVersion = 17.3.32901.215
MinimumVisualStudioVersion = 10.0.40219.1
Project("{FAE04EC0-301F-11D3-BF4B-00C04F79EFBC}") = "Prakticheskaya5", "Prakticheskaya5\Prakticheskaya5.csproj", "{3142C6D7-D796-41B1-B213-0C90647BCE03}"
EndProject
Global
	GlobalSection(SolutionConfigurationPlatforms) = preSolution
		Debug|Any CPU = Debug|Any CPU
		Release|Any CPU = Release|Any CPU
	EndGlobalSection
	GlobalSection(ProjectConfigurationPlatforms) = postSolution
		{3142C6D7-D796-41B1-B213-0C90647BCE03}.Debug|Any CPU.ActiveCfg = Debug|Any CPU
		{3142C6D7-D796-41B1-B213-0C90647BCE03}.Debug|Any CPU.Build.0 = Debug|Any CPU
		{3142C6D7-D796-41B1-B213-0C90647BCE03}.Release|Any CPU.ActiveCfg = Release|Any CPU
		{3142C6D7-D796-41B1-B213-0C90647BCE03}.Release|Any CPU.Build.0 = Release|Any CPU
	EndGlobalSection
	GlobalSection(SolutionProperties) = preSolution
		HideSolutionNode = FALSE
	EndGlobalSection
	GlobalSection(ExtensibilityGlobals) = postSolution
		SolutionGuid = {563363BA-7F27-44D9-8DBA-4ABE767028B4}
	EndGlobalSection
EndGlobal
